# THIS IS AN AUTOGENERATED FILE. DO NOT EDIT THIS FILE DIRECTLY.
# yarn lockfile v1


"@types/akamai-edgeworkers@1.0.10":
  version "1.0.10"
  resolved "https://registry.yarnpkg.com/@types/akamai-edgeworkers/-/akamai-edgeworkers-1.0.10.tgz#0e0732459b9d78491886623661f2c10c5d6ed3ae"
  integrity sha512-gIRT2HpKHP9S1vq11SyTbuCMV6zNA3ebpdKeP0VDkVEsz71kFShYfF1h4cukBpYOL+PIiRl44y85sepI6LVoSw==

"@types/node@^17.0.44":
  version "17.0.45"
  resolved "https://registry.yarnpkg.com/@types/node/-/node-17.0.45.tgz#2c0fafd78705e7a18b7906b5201a522719dc5190"
  integrity sha512-w+tIMs3rq2afQdsPJlODhoUEKzFP1ayaoyl1CcnwtIlsVe7K7bA1NGm4s3PraqTLlXnbIN84zuBlxBWo1u9BLw==

dotenv@^16.0.1:
  version "16.4.5"
  resolved "https://registry.yarnpkg.com/dotenv/-/dotenv-16.4.5.tgz#cdd3b3b604cb327e286b4762e13502f717cb099f"
  integrity sha512-ZmdL2rui+eB2YwhsWzjInR8LldtZHGDoQ1ugH85ppHKwpUHL7j7rN0Ti9NCnGiQbhaZ11FpR+7ao1dNsmduNUg==

lru-cache@^6.0.0:
  version "6.0.0"
  resolved "https://registry.yarnpkg.com/lru-cache/-/lru-cache-6.0.0.tgz#6d6fe6570ebd96aaf90fcad1dafa3b2566db3a94"
  integrity sha512-Jo6dJ04CmSjuznwJSS3pUeWmd/H0ffTlkXXgwZi+eq1UCmqQwCh+eLsYOYCwY991i2Fah4h1BEMCx4qThGbsiA==
  dependencies:
    yallist "^4.0.0"

semver@7.5.2:
  version "7.5.2"
  resolved "https://registry.yarnpkg.com/semver/-/semver-7.5.2.tgz#5b851e66d1be07c1cdaf37dfc856f543325a2beb"
  integrity sha512-SoftuTROv/cRjCze/scjGyiDtcUyxw1rgYQSZY7XTmtR5hX+dm76iDbTH8TkLPHCQmlbQVSSbNZCPM2hb0knnQ==
  dependencies:
    lru-cache "^6.0.0"

yallist@^4.0.0:
  version "4.0.0"
  resolved "https://registry.yarnpkg.com/yallist/-/yallist-4.0.0.tgz#9bb92790d9c0effec63be73519e11a35019a3a72"
  integrity sha512-3wdGidZyq5PB084XLES5TpOSRA3wjXAlIWMhum2kRcv/41Sn2emQ0dycQW4uZXLejwKvg6EsvbdlVL+FYEct7A==
